
Microsoft Visual Studio Solution File, Format Version 12.00
# Visual Studio Version 17
VisualStudioVersion = 17.6.33829.357
MinimumVisualStudioVersion = 10.0.40219.1
Project("{FAE04EC0-301F-11D3-BF4B-00C04F79EFBC}") = "ControlStatement1", "ControlStatement1\ControlStatement1.csproj", "{A581A9AF-B363-45C2-AC07-99AEAF80E136}"
EndProject
Global
	GlobalSection(SolutionConfigurationPlatforms) = preSolution
		Debug|Any CPU = Debug|Any CPU
		Release|Any CPU = Release|Any CPU
	EndGlobalSection
	GlobalSection(ProjectConfigurationPlatforms) = postSolution
		{A581A9AF-B363-45C2-AC07-99AEAF80E136}.Debug|Any CPU.ActiveCfg = Debug|Any CPU
		{A581A9AF-B363-45C2-AC07-99AEAF80E136}.Debug|Any CPU.Build.0 = Debug|Any CPU
		{A581A9AF-B363-45C2-AC07-99AEAF80E136}.Release|Any CPU.ActiveCfg = Release|Any CPU
		{A581A9AF-B363-45C2-AC07-99AEAF80E136}.Release|Any CPU.Build.0 = Release|Any CPU
	EndGlobalSection
	GlobalSection(SolutionProperties) = preSolution
		HideSolutionNode = FALSE
	EndGlobalSection
	GlobalSection(ExtensibilityGlobals) = postSolution
		SolutionGuid = {55305DC1-0195-4487-B075-70A89A0E77A6}
	EndGlobalSection
EndGlobal
