
Microsoft Visual Studio Solution File, Format Version 12.00
# Visual Studio Version 17
VisualStudioVersion = 17.6.33829.357
MinimumVisualStudioVersion = 10.0.40219.1
Project("{FAE04EC0-301F-11D3-BF4B-00C04F79EFBC}") = "AbstactClass", "AbstactClass\AbstactClass.csproj", "{83869CC6-5BED-4A2A-85DA-0662FB0289AB}"
EndProject
Global
	GlobalSection(SolutionConfigurationPlatforms) = preSolution
		Debug|Any CPU = Debug|Any CPU
		Release|Any CPU = Release|Any CPU
	EndGlobalSection
	GlobalSection(ProjectConfigurationPlatforms) = postSolution
		{83869CC6-5BED-4A2A-85DA-0662FB0289AB}.Debug|Any CPU.ActiveCfg = Debug|Any CPU
		{83869CC6-5BED-4A2A-85DA-0662FB0289AB}.Debug|Any CPU.Build.0 = Debug|Any CPU
		{83869CC6-5BED-4A2A-85DA-0662FB0289AB}.Release|Any CPU.ActiveCfg = Release|Any CPU
		{83869CC6-5BED-4A2A-85DA-0662FB0289AB}.Release|Any CPU.Build.0 = Release|Any CPU
	EndGlobalSection
	GlobalSection(SolutionProperties) = preSolution
		HideSolutionNode = FALSE
	EndGlobalSection
	GlobalSection(ExtensibilityGlobals) = postSolution
		SolutionGuid = {62806E5F-E801-496A-B2D7-D4BCB5580C0D}
	EndGlobalSection
EndGlobal
