
Microsoft Visual Studio Solution File, Format Version 12.00
# Visual Studio Version 17
VisualStudioVersion = 17.6.33829.357
MinimumVisualStudioVersion = 10.0.40219.1
Project("{FAE04EC0-301F-11D3-BF4B-00C04F79EFBC}") = "GenericExam", "GenericExam\GenericExam.csproj", "{08CC5B03-8803-4371-9B30-305144F131CC}"
EndProject
Global
	GlobalSection(SolutionConfigurationPlatforms) = preSolution
		Debug|Any CPU = Debug|Any CPU
		Release|Any CPU = Release|Any CPU
	EndGlobalSection
	GlobalSection(ProjectConfigurationPlatforms) = postSolution
		{08CC5B03-8803-4371-9B30-305144F131CC}.Debug|Any CPU.ActiveCfg = Debug|Any CPU
		{08CC5B03-8803-4371-9B30-305144F131CC}.Debug|Any CPU.Build.0 = Debug|Any CPU
		{08CC5B03-8803-4371-9B30-305144F131CC}.Release|Any CPU.ActiveCfg = Release|Any CPU
		{08CC5B03-8803-4371-9B30-305144F131CC}.Release|Any CPU.Build.0 = Release|Any CPU
	EndGlobalSection
	GlobalSection(SolutionProperties) = preSolution
		HideSolutionNode = FALSE
	EndGlobalSection
	GlobalSection(ExtensibilityGlobals) = postSolution
		SolutionGuid = {0E1905E7-9C33-441A-B1E6-FA6A0666A9D3}
	EndGlobalSection
EndGlobal
