
Microsoft Visual Studio Solution File, Format Version 12.00
# Visual Studio Version 17
VisualStudioVersion = 17.6.33829.357
MinimumVisualStudioVersion = 10.0.40219.1
Project("{FAE04EC0-301F-11D3-BF4B-00C04F79EFBC}") = "Destructor", "Destructor\Destructor.csproj", "{8A5BF5EB-7EA3-4976-95BD-CDA51DE83F0D}"
EndProject
Global
	GlobalSection(SolutionConfigurationPlatforms) = preSolution
		Debug|Any CPU = Debug|Any CPU
		Release|Any CPU = Release|Any CPU
	EndGlobalSection
	GlobalSection(ProjectConfigurationPlatforms) = postSolution
		{8A5BF5EB-7EA3-4976-95BD-CDA51DE83F0D}.Debug|Any CPU.ActiveCfg = Debug|Any CPU
		{8A5BF5EB-7EA3-4976-95BD-CDA51DE83F0D}.Debug|Any CPU.Build.0 = Debug|Any CPU
		{8A5BF5EB-7EA3-4976-95BD-CDA51DE83F0D}.Release|Any CPU.ActiveCfg = Release|Any CPU
		{8A5BF5EB-7EA3-4976-95BD-CDA51DE83F0D}.Release|Any CPU.Build.0 = Release|Any CPU
	EndGlobalSection
	GlobalSection(SolutionProperties) = preSolution
		HideSolutionNode = FALSE
	EndGlobalSection
	GlobalSection(ExtensibilityGlobals) = postSolution
		SolutionGuid = {29434C91-BFFC-46D2-AFDB-D02E3BCEF040}
	EndGlobalSection
EndGlobal
