
Microsoft Visual Studio Solution File, Format Version 12.00
# Visual Studio Version 17
VisualStudioVersion = 17.6.33829.357
MinimumVisualStudioVersion = 10.0.40219.1
Project("{FAE04EC0-301F-11D3-BF4B-00C04F79EFBC}") = "GenericExam2", "GenericExam2\GenericExam2.csproj", "{797C19F4-9C32-4A6A-AE40-D913789CE156}"
EndProject
Global
	GlobalSection(SolutionConfigurationPlatforms) = preSolution
		Debug|Any CPU = Debug|Any CPU
		Release|Any CPU = Release|Any CPU
	EndGlobalSection
	GlobalSection(ProjectConfigurationPlatforms) = postSolution
		{797C19F4-9C32-4A6A-AE40-D913789CE156}.Debug|Any CPU.ActiveCfg = Debug|Any CPU
		{797C19F4-9C32-4A6A-AE40-D913789CE156}.Debug|Any CPU.Build.0 = Debug|Any CPU
		{797C19F4-9C32-4A6A-AE40-D913789CE156}.Release|Any CPU.ActiveCfg = Release|Any CPU
		{797C19F4-9C32-4A6A-AE40-D913789CE156}.Release|Any CPU.Build.0 = Release|Any CPU
	EndGlobalSection
	GlobalSection(SolutionProperties) = preSolution
		HideSolutionNode = FALSE
	EndGlobalSection
	GlobalSection(ExtensibilityGlobals) = postSolution
		SolutionGuid = {20A29093-B755-421E-9BBA-B476329D601F}
	EndGlobalSection
EndGlobal
