
Microsoft Visual Studio Solution File, Format Version 12.00
# Visual Studio Version 17
VisualStudioVersion = 17.6.33829.357
MinimumVisualStudioVersion = 10.0.40219.1
Project("{FAE04EC0-301F-11D3-BF4B-00C04F79EFBC}") = "SnakeGame", "SnakeGame\SnakeGame.csproj", "{3EE7DF2D-D81C-46F5-9A71-4876D98B2F4B}"
EndProject
Global
	GlobalSection(SolutionConfigurationPlatforms) = preSolution
		Debug|Any CPU = Debug|Any CPU
		Release|Any CPU = Release|Any CPU
	EndGlobalSection
	GlobalSection(ProjectConfigurationPlatforms) = postSolution
		{3EE7DF2D-D81C-46F5-9A71-4876D98B2F4B}.Debug|Any CPU.ActiveCfg = Debug|Any CPU
		{3EE7DF2D-D81C-46F5-9A71-4876D98B2F4B}.Debug|Any CPU.Build.0 = Debug|Any CPU
		{3EE7DF2D-D81C-46F5-9A71-4876D98B2F4B}.Release|Any CPU.ActiveCfg = Release|Any CPU
		{3EE7DF2D-D81C-46F5-9A71-4876D98B2F4B}.Release|Any CPU.Build.0 = Release|Any CPU
	EndGlobalSection
	GlobalSection(SolutionProperties) = preSolution
		HideSolutionNode = FALSE
	EndGlobalSection
	GlobalSection(ExtensibilityGlobals) = postSolution
		SolutionGuid = {93910DB4-BE84-4696-BBD6-C126FA99A329}
	EndGlobalSection
EndGlobal
