
Microsoft Visual Studio Solution File, Format Version 12.00
# Visual Studio Version 17
VisualStudioVersion = 17.6.33829.357
MinimumVisualStudioVersion = 10.0.40219.1
Project("{FAE04EC0-301F-11D3-BF4B-00C04F79EFBC}") = "recursiveCall1", "recursiveCall1\recursiveCall1.csproj", "{72ACA4DE-1C8E-49F4-AE98-3BC527A0CDBA}"
EndProject
Global
	GlobalSection(SolutionConfigurationPlatforms) = preSolution
		Debug|Any CPU = Debug|Any CPU
		Release|Any CPU = Release|Any CPU
	EndGlobalSection
	GlobalSection(ProjectConfigurationPlatforms) = postSolution
		{72ACA4DE-1C8E-49F4-AE98-3BC527A0CDBA}.Debug|Any CPU.ActiveCfg = Debug|Any CPU
		{72ACA4DE-1C8E-49F4-AE98-3BC527A0CDBA}.Debug|Any CPU.Build.0 = Debug|Any CPU
		{72ACA4DE-1C8E-49F4-AE98-3BC527A0CDBA}.Release|Any CPU.ActiveCfg = Release|Any CPU
		{72ACA4DE-1C8E-49F4-AE98-3BC527A0CDBA}.Release|Any CPU.Build.0 = Release|Any CPU
	EndGlobalSection
	GlobalSection(SolutionProperties) = preSolution
		HideSolutionNode = FALSE
	EndGlobalSection
	GlobalSection(ExtensibilityGlobals) = postSolution
		SolutionGuid = {90CA1790-6D7F-4BA6-9B44-1B3EB55366BD}
	EndGlobalSection
EndGlobal
