
Microsoft Visual Studio Solution File, Format Version 12.00
# Visual Studio Version 17
VisualStudioVersion = 17.6.33829.357
MinimumVisualStudioVersion = 10.0.40219.1
Project("{FAE04EC0-301F-11D3-BF4B-00C04F79EFBC}") = "Iteration1", "Iteration1\Iteration1.csproj", "{877554E5-B766-4894-9BA4-AC5F4846269D}"
EndProject
Global
	GlobalSection(SolutionConfigurationPlatforms) = preSolution
		Debug|Any CPU = Debug|Any CPU
		Release|Any CPU = Release|Any CPU
	EndGlobalSection
	GlobalSection(ProjectConfigurationPlatforms) = postSolution
		{877554E5-B766-4894-9BA4-AC5F4846269D}.Debug|Any CPU.ActiveCfg = Debug|Any CPU
		{877554E5-B766-4894-9BA4-AC5F4846269D}.Debug|Any CPU.Build.0 = Debug|Any CPU
		{877554E5-B766-4894-9BA4-AC5F4846269D}.Release|Any CPU.ActiveCfg = Release|Any CPU
		{877554E5-B766-4894-9BA4-AC5F4846269D}.Release|Any CPU.Build.0 = Release|Any CPU
	EndGlobalSection
	GlobalSection(SolutionProperties) = preSolution
		HideSolutionNode = FALSE
	EndGlobalSection
	GlobalSection(ExtensibilityGlobals) = postSolution
		SolutionGuid = {0E2A1ED0-1328-4451-B046-7BBC8C6589AF}
	EndGlobalSection
EndGlobal
