
Microsoft Visual Studio Solution File, Format Version 12.00
# Visual Studio Version 17
VisualStudioVersion = 17.6.33829.357
MinimumVisualStudioVersion = 10.0.40219.1
Project("{FAE04EC0-301F-11D3-BF4B-00C04F79EFBC}") = "W01HomeWork", "W01HomeWork\W01HomeWork.csproj", "{BE31ED32-2C40-468E-A9D0-E90D2BF5A439}"
EndProject
Global
	GlobalSection(SolutionConfigurationPlatforms) = preSolution
		Debug|Any CPU = Debug|Any CPU
		Release|Any CPU = Release|Any CPU
	EndGlobalSection
	GlobalSection(ProjectConfigurationPlatforms) = postSolution
		{BE31ED32-2C40-468E-A9D0-E90D2BF5A439}.Debug|Any CPU.ActiveCfg = Debug|Any CPU
		{BE31ED32-2C40-468E-A9D0-E90D2BF5A439}.Debug|Any CPU.Build.0 = Debug|Any CPU
		{BE31ED32-2C40-468E-A9D0-E90D2BF5A439}.Release|Any CPU.ActiveCfg = Release|Any CPU
		{BE31ED32-2C40-468E-A9D0-E90D2BF5A439}.Release|Any CPU.Build.0 = Release|Any CPU
	EndGlobalSection
	GlobalSection(SolutionProperties) = preSolution
		HideSolutionNode = FALSE
	EndGlobalSection
	GlobalSection(ExtensibilityGlobals) = postSolution
		SolutionGuid = {DA1F405A-2AFE-42B9-9C9F-705979AB55F7}
	EndGlobalSection
EndGlobal
