
Microsoft Visual Studio Solution File, Format Version 12.00
# Visual Studio Version 17
VisualStudioVersion = 17.6.33829.357
MinimumVisualStudioVersion = 10.0.40219.1
Project("{FAE04EC0-301F-11D3-BF4B-00C04F79EFBC}") = "ControlStatement2", "ControlStatement2\ControlStatement2.csproj", "{1A43CE5A-8CE0-4E01-8328-A21DAF6C8596}"
EndProject
Global
	GlobalSection(SolutionConfigurationPlatforms) = preSolution
		Debug|Any CPU = Debug|Any CPU
		Release|Any CPU = Release|Any CPU
	EndGlobalSection
	GlobalSection(ProjectConfigurationPlatforms) = postSolution
		{1A43CE5A-8CE0-4E01-8328-A21DAF6C8596}.Debug|Any CPU.ActiveCfg = Debug|Any CPU
		{1A43CE5A-8CE0-4E01-8328-A21DAF6C8596}.Debug|Any CPU.Build.0 = Debug|Any CPU
		{1A43CE5A-8CE0-4E01-8328-A21DAF6C8596}.Release|Any CPU.ActiveCfg = Release|Any CPU
		{1A43CE5A-8CE0-4E01-8328-A21DAF6C8596}.Release|Any CPU.Build.0 = Release|Any CPU
	EndGlobalSection
	GlobalSection(SolutionProperties) = preSolution
		HideSolutionNode = FALSE
	EndGlobalSection
	GlobalSection(ExtensibilityGlobals) = postSolution
		SolutionGuid = {96C9198A-C02B-46AA-BEFD-A955FFF21292}
	EndGlobalSection
EndGlobal
