
Microsoft Visual Studio Solution File, Format Version 12.00
# Visual Studio Version 17
VisualStudioVersion = 17.6.33829.357
MinimumVisualStudioVersion = 10.0.40219.1
Project("{FAE04EC0-301F-11D3-BF4B-00C04F79EFBC}") = "ChoiceNumberGame", "ChoiceNumberGame\ChoiceNumberGame.csproj", "{7E711B05-1AF4-4FF7-B410-FEF23FA5A8CB}"
EndProject
Global
	GlobalSection(SolutionConfigurationPlatforms) = preSolution
		Debug|Any CPU = Debug|Any CPU
		Release|Any CPU = Release|Any CPU
	EndGlobalSection
	GlobalSection(ProjectConfigurationPlatforms) = postSolution
		{7E711B05-1AF4-4FF7-B410-FEF23FA5A8CB}.Debug|Any CPU.ActiveCfg = Debug|Any CPU
		{7E711B05-1AF4-4FF7-B410-FEF23FA5A8CB}.Debug|Any CPU.Build.0 = Debug|Any CPU
		{7E711B05-1AF4-4FF7-B410-FEF23FA5A8CB}.Release|Any CPU.ActiveCfg = Release|Any CPU
		{7E711B05-1AF4-4FF7-B410-FEF23FA5A8CB}.Release|Any CPU.Build.0 = Release|Any CPU
	EndGlobalSection
	GlobalSection(SolutionProperties) = preSolution
		HideSolutionNode = FALSE
	EndGlobalSection
	GlobalSection(ExtensibilityGlobals) = postSolution
		SolutionGuid = {2A4F6256-0AD6-4C3B-8143-F13001EC7016}
	EndGlobalSection
EndGlobal
