
Microsoft Visual Studio Solution File, Format Version 12.00
# Visual Studio Version 17
VisualStudioVersion = 17.6.33829.357
MinimumVisualStudioVersion = 10.0.40219.1
Project("{FAE04EC0-301F-11D3-BF4B-00C04F79EFBC}") = "Array1", "Array1\Array1.csproj", "{F7231D05-2C6E-46C2-BD94-7075D5AB7494}"
EndProject
Global
	GlobalSection(SolutionConfigurationPlatforms) = preSolution
		Debug|Any CPU = Debug|Any CPU
		Release|Any CPU = Release|Any CPU
	EndGlobalSection
	GlobalSection(ProjectConfigurationPlatforms) = postSolution
		{F7231D05-2C6E-46C2-BD94-7075D5AB7494}.Debug|Any CPU.ActiveCfg = Debug|Any CPU
		{F7231D05-2C6E-46C2-BD94-7075D5AB7494}.Debug|Any CPU.Build.0 = Debug|Any CPU
		{F7231D05-2C6E-46C2-BD94-7075D5AB7494}.Release|Any CPU.ActiveCfg = Release|Any CPU
		{F7231D05-2C6E-46C2-BD94-7075D5AB7494}.Release|Any CPU.Build.0 = Release|Any CPU
	EndGlobalSection
	GlobalSection(SolutionProperties) = preSolution
		HideSolutionNode = FALSE
	EndGlobalSection
	GlobalSection(ExtensibilityGlobals) = postSolution
		SolutionGuid = {AA523106-D8B5-4685-8B2E-22E4684E0F38}
	EndGlobalSection
EndGlobal
