
Microsoft Visual Studio Solution File, Format Version 12.00
# Visual Studio Version 17
VisualStudioVersion = 17.6.33829.357
MinimumVisualStudioVersion = 10.0.40219.1
Project("{FAE04EC0-301F-11D3-BF4B-00C04F79EFBC}") = "IntelliSense", "IntelliSense\IntelliSense.csproj", "{E811EBC7-A738-43A9-B140-91191569D8FB}"
EndProject
Global
	GlobalSection(SolutionConfigurationPlatforms) = preSolution
		Debug|Any CPU = Debug|Any CPU
		Release|Any CPU = Release|Any CPU
	EndGlobalSection
	GlobalSection(ProjectConfigurationPlatforms) = postSolution
		{E811EBC7-A738-43A9-B140-91191569D8FB}.Debug|Any CPU.ActiveCfg = Debug|Any CPU
		{E811EBC7-A738-43A9-B140-91191569D8FB}.Debug|Any CPU.Build.0 = Debug|Any CPU
		{E811EBC7-A738-43A9-B140-91191569D8FB}.Release|Any CPU.ActiveCfg = Release|Any CPU
		{E811EBC7-A738-43A9-B140-91191569D8FB}.Release|Any CPU.Build.0 = Release|Any CPU
	EndGlobalSection
	GlobalSection(SolutionProperties) = preSolution
		HideSolutionNode = FALSE
	EndGlobalSection
	GlobalSection(ExtensibilityGlobals) = postSolution
		SolutionGuid = {040F7CFD-9F10-4C33-887C-BB734ED9B962}
	EndGlobalSection
EndGlobal
